
Microsoft Visual Studio Solution File, Format Version 12.00
# Visual Studio Version 17
VisualStudioVersion = 17.6.33723.286
MinimumVisualStudioVersion = 10.0.40219.1
Project("{FAE04EC0-301F-11D3-BF4B-00C04F79EFBC}") = "ChallangeApp", "ChallangeApp\ChallangeApp.csproj", "{A9A144D3-EEE3-41FF-9A7F-A6D29C25A0EB}"
EndProject
Global
	GlobalSection(SolutionConfigurationPlatforms) = preSolution
		Debug|Any CPU = Debug|Any CPU
		Release|Any CPU = Release|Any CPU
	EndGlobalSection
	GlobalSection(ProjectConfigurationPlatforms) = postSolution
		{A9A144D3-EEE3-41FF-9A7F-A6D29C25A0EB}.Debug|Any CPU.ActiveCfg = Debug|Any CPU
		{A9A144D3-EEE3-41FF-9A7F-A6D29C25A0EB}.Debug|Any CPU.Build.0 = Debug|Any CPU
		{A9A144D3-EEE3-41FF-9A7F-A6D29C25A0EB}.Release|Any CPU.ActiveCfg = Release|Any CPU
		{A9A144D3-EEE3-41FF-9A7F-A6D29C25A0EB}.Release|Any CPU.Build.0 = Release|Any CPU
	EndGlobalSection
	GlobalSection(SolutionProperties) = preSolution
		HideSolutionNode = FALSE
	EndGlobalSection
	GlobalSection(ExtensibilityGlobals) = postSolution
		SolutionGuid = {D0217664-BDF0-4121-B3C8-2506A35ABE0A}
	EndGlobalSection
EndGlobal
